PODS:
  - Masonry (1.1.0)
  - TFFallLayout (0.1.4)

DEPENDENCIES:
  - Masonry
  - TFFallLayout (from `../`)

SPEC REPOS:
  https://github.com/CocoaPods/Specs.git:
    - Masonry

EXTERNAL SOURCES:
  TFFallLayout:
    :path: "../"

SPEC CHECKSUMS:
  Masonry: 678fab65091a9290e40e2832a55e7ab731aad201
  TFFallLayout: 136fc8855dcb4e7865f0c315d6375bc78dac5754

PODFILE CHECKSUM: f238178ee09a99400937c9dbee93e5d56b768aad

COCOAPODS: 1.11.3
