PODS:
  - Masonry (1.1.0)
  - TFFallLayout (0.1.0)

DEPENDENCIES:
  - Masonry
  - TFFallLayout (from `../`)

SPEC REPOS:
  https://github.com/CocoaPods/Specs.git:
    - Masonry

EXTERNAL SOURCES:
  TFFallLayout:
    :path: "../"

SPEC CHECKSUMS:
  Masonry: 678fab65091a9290e40e2832a55e7ab731aad201
  TFFallLayout: 2be4737ce3ae31ca83cd1bb6101e75d8021d51a7

PODFILE CHECKSUM: f238178ee09a99400937c9dbee93e5d56b768aad

COCOAPODS: 1.11.3
